
Microsoft Visual Studio Solution File, Format Version 12.00
# Visual Studio Version 16
VisualStudioVersion = 16.0.31205.134
MinimumVisualStudioVersion = 10.0.40219.1
Project("{FAE04EC0-301F-11D3-BF4B-00C04F79EFBC}") = "EmpresaMaba", "EmpresaMaba.csproj", "{BC1E9520-3F6D-4E37-9423-5BA6E9ADC61C}"
EndProject
Global
	GlobalSection(SolutionConfigurationPlatforms) = preSolution
		Debug|Any CPU = Debug|Any CPU
		Release|Any CPU = Release|Any CPU
	EndGlobalSection
	GlobalSection(ProjectConfigurationPlatforms) = postSolution
		{BC1E9520-3F6D-4E37-9423-5BA6E9ADC61C}.Debug|Any CPU.ActiveCfg = Debug|Any CPU
		{BC1E9520-3F6D-4E37-9423-5BA6E9ADC61C}.Debug|Any CPU.Build.0 = Debug|Any CPU
		{BC1E9520-3F6D-4E37-9423-5BA6E9ADC61C}.Release|Any CPU.ActiveCfg = Release|Any CPU
		{BC1E9520-3F6D-4E37-9423-5BA6E9ADC61C}.Release|Any CPU.Build.0 = Release|Any CPU
	EndGlobalSection
	GlobalSection(SolutionProperties) = preSolution
		HideSolutionNode = FALSE
	EndGlobalSection
	GlobalSection(ExtensibilityGlobals) = postSolution
		SolutionGuid = {D92A466A-20AB-4A46-B8B5-C2A3ADDF63B5}
	EndGlobalSection
EndGlobal
